
Microsoft Visual Studio Solution File, Format Version 12.00
# Visual Studio Version 17
VisualStudioVersion = 17.8.34330.188
MinimumVisualStudioVersion = 10.0.40219.1
Project("{FAE04EC0-301F-11D3-BF4B-00C04F79EFBC}") = "CoureWork", "CoureWork\CoureWork.csproj", "{E1796831-A7E1-45EA-935C-50B2F2BCCA28}"
EndProject
Global
	GlobalSection(SolutionConfigurationPlatforms) = preSolution
		Debug|Any CPU = Debug|Any CPU
		Release|Any CPU = Release|Any CPU
	EndGlobalSection
	GlobalSection(ProjectConfigurationPlatforms) = postSolution
		{E1796831-A7E1-45EA-935C-50B2F2BCCA28}.Debug|Any CPU.ActiveCfg = Debug|Any CPU
		{E1796831-A7E1-45EA-935C-50B2F2BCCA28}.Debug|Any CPU.Build.0 = Debug|Any CPU
		{E1796831-A7E1-45EA-935C-50B2F2BCCA28}.Release|Any CPU.ActiveCfg = Release|Any CPU
		{E1796831-A7E1-45EA-935C-50B2F2BCCA28}.Release|Any CPU.Build.0 = Release|Any CPU
	EndGlobalSection
	GlobalSection(SolutionProperties) = preSolution
		HideSolutionNode = FALSE
	EndGlobalSection
	GlobalSection(ExtensibilityGlobals) = postSolution
		SolutionGuid = {CAA3EA07-8153-42BE-808A-314E5393A3DB}
	EndGlobalSection
EndGlobal
